
Microsoft Visual Studio Solution File, Format Version 10.00
# Visual Studio 2008
Project("{FAE04EC0-301F-11D3-BF4B-00C04F79EFBC}") = "D3DScreenshot", "D3DScreenshot\D3DScreenshot.csproj", "{63E62253-9C73-49BF-92E1-CB0ADD5D6FC7}"
EndProject
Project("{FAE04EC0-301F-11D3-BF4B-00C04F79EFBC}") = "GDIScreenshot", "GDIScreenshot\GDIScreenshot.csproj", "{300A3715-6BCD-4886-BC07-63D70FEFDFF9}"
EndProject
Global
	GlobalSection(SolutionConfigurationPlatforms) = preSolution
		Debug|Any CPU = Debug|Any CPU
		Release|Any CPU = Release|Any CPU
	EndGlobalSection
	GlobalSection(ProjectConfigurationPlatforms) = postSolution
		{63E62253-9C73-49BF-92E1-CB0ADD5D6FC7}.Debug|Any CPU.ActiveCfg = Debug|Any CPU
		{63E62253-9C73-49BF-92E1-CB0ADD5D6FC7}.Debug|Any CPU.Build.0 = Debug|Any CPU
		{63E62253-9C73-49BF-92E1-CB0ADD5D6FC7}.Release|Any CPU.ActiveCfg = Release|Any CPU
		{63E62253-9C73-49BF-92E1-CB0ADD5D6FC7}.Release|Any CPU.Build.0 = Release|Any CPU
		{300A3715-6BCD-4886-BC07-63D70FEFDFF9}.Debug|Any CPU.ActiveCfg = Debug|Any CPU
		{300A3715-6BCD-4886-BC07-63D70FEFDFF9}.Debug|Any CPU.Build.0 = Debug|Any CPU
		{300A3715-6BCD-4886-BC07-63D70FEFDFF9}.Release|Any CPU.ActiveCfg = Release|Any CPU
		{300A3715-6BCD-4886-BC07-63D70FEFDFF9}.Release|Any CPU.Build.0 = Release|Any CPU
	EndGlobalSection
	GlobalSection(SolutionProperties) = preSolution
		HideSolutionNode = FALSE
	EndGlobalSection
EndGlobal
